{
  "requires": true,
  "lockfileVersion": 1,
  "dependencies": {
    "babel-runtime": {
      "version": "5.8.38",
      "resolved": "https://registry.npmjs.org/babel-runtime/-/babel-runtime-5.8.38.tgz",
      "integrity": "sha512-KpgoA8VE/pMmNCrnEeeXqFG24TIH11Z3ZaimIhJWsin8EbfZy3WzFKUTIan10ZIDgRVvi9EkLbruJElJC9dRlg==",
      "requires": {
        "core-js": "^1.0.0"
      }
    },
    "classnames": {
      "version": "2.3.2",
      "resolved": "https://registry.npmjs.org/classnames/-/classnames-2.3.2.tgz",
      "integrity": "sha512-CSbhY4cFEJRe6/GQzIk5qXZ4Jeg5pcsP7b5peFSDpffpe1cqjASH/n9UTjBwOp6XpMSTwQ8Za2K5V02ueA7Tmw=="
    },
    "core-js": {
      "version": "1.2.7",
      "resolved": "https://registry.npmjs.org/core-js/-/core-js-1.2.7.tgz",
      "integrity": "sha512-ZiPp9pZlgxpWRu0M+YWbm6+aQ84XEfH1JRXvfOc/fILWI0VKhLC2LX13X1NYq4fULzLMq7Hfh43CSo2/aIaUPA=="
    },
    "moment": {
      "version": "2.29.4",
      "resolved": "https://registry.npmjs.org/moment/-/moment-2.29.4.tgz",
      "integrity": "sha512-5LC9SOxjSc2HF6vO2CyuTDNivEdoz2IvyJJGj6X8DJ0eFyfszE0QiEd+iXmBvUP3WHxSjFH/vIsA0EN00cgr8w=="
    },
    "react-bootstrap-datetimepicker": {
      "version": "0.0.22",
      "resolved": "https://registry.npmjs.org/react-bootstrap-datetimepicker/-/react-bootstrap-datetimepicker-0.0.22.tgz",
      "integrity": "sha512-1va2drwnGtjBtK38TKHS7cJ2lYjjPDYOJwbUaam1ctpdxhPbYLyjg8ahrflLjqIQQCsUTmPJg0W4NopbUoGKlw==",
      "requires": {
        "babel-runtime": "^5.6.18",
        "classnames": "^2.1.2",
        "moment": "^2.8.2"
      }
    }
  }
}
